
Microsoft Visual Studio Solution File, Format Version 12.00
# Visual Studio Version 16
VisualStudioVersion = 16.0.31205.134
MinimumVisualStudioVersion = 10.0.40219.1
Project("{9A19103F-16F7-4668-BE54-9A1E7A4F7556}") = "ShowMeYourHands", "ShowMeYourHands\ShowMeYourHands.csproj", "{FBCF6F90-100E-4B7E-AE2D-3D35D70062B3}"
EndProject
Project("{9A19103F-16F7-4668-BE54-9A1E7A4F7556}") = "DualWieldCompatibility", "DualWieldCompatibility\DualWieldCompatibility.csproj", "{A385C815-57F0-4949-8DB5-EE5282F966F0}"
EndProject
Project("{9A19103F-16F7-4668-BE54-9A1E7A4F7556}") = "YayoAdapted", "YayoAdapted\YayoAdapted.csproj", "{163BDFE6-C4D7-4178-AE53-A549464B8E13}"
EndProject
Project("{9A19103F-16F7-4668-BE54-9A1E7A4F7556}") = "YayoAnimation", "YayoAnimation\YayoAnimation.csproj", "{65B0E93B-1EB0-44F6-B2A6-FB92F42CEB79}"
EndProject
Global
	GlobalSection(SolutionConfigurationPlatforms) = preSolution
		Debug|Any CPU = Debug|Any CPU
		Release|Any CPU = Release|Any CPU
	EndGlobalSection
	GlobalSection(ProjectConfigurationPlatforms) = postSolution
		{FBCF6F90-100E-4B7E-AE2D-3D35D70062B3}.Debug|Any CPU.ActiveCfg = Debug|Any CPU
		{FBCF6F90-100E-4B7E-AE2D-3D35D70062B3}.Debug|Any CPU.Build.0 = Debug|Any CPU
		{FBCF6F90-100E-4B7E-AE2D-3D35D70062B3}.Release|Any CPU.ActiveCfg = Release|Any CPU
		{FBCF6F90-100E-4B7E-AE2D-3D35D70062B3}.Release|Any CPU.Build.0 = Release|Any CPU
		{A385C815-57F0-4949-8DB5-EE5282F966F0}.Debug|Any CPU.ActiveCfg = Debug|Any CPU
		{A385C815-57F0-4949-8DB5-EE5282F966F0}.Debug|Any CPU.Build.0 = Debug|Any CPU
		{A385C815-57F0-4949-8DB5-EE5282F966F0}.Release|Any CPU.ActiveCfg = Release|Any CPU
		{A385C815-57F0-4949-8DB5-EE5282F966F0}.Release|Any CPU.Build.0 = Release|Any CPU
		{163BDFE6-C4D7-4178-AE53-A549464B8E13}.Debug|Any CPU.ActiveCfg = Debug|Any CPU
		{163BDFE6-C4D7-4178-AE53-A549464B8E13}.Debug|Any CPU.Build.0 = Debug|Any CPU
		{163BDFE6-C4D7-4178-AE53-A549464B8E13}.Release|Any CPU.ActiveCfg = Release|Any CPU
		{163BDFE6-C4D7-4178-AE53-A549464B8E13}.Release|Any CPU.Build.0 = Release|Any CPU
		{65B0E93B-1EB0-44F6-B2A6-FB92F42CEB79}.Debug|Any CPU.ActiveCfg = Debug|Any CPU
		{65B0E93B-1EB0-44F6-B2A6-FB92F42CEB79}.Debug|Any CPU.Build.0 = Debug|Any CPU
		{65B0E93B-1EB0-44F6-B2A6-FB92F42CEB79}.Release|Any CPU.ActiveCfg = Release|Any CPU
		{65B0E93B-1EB0-44F6-B2A6-FB92F42CEB79}.Release|Any CPU.Build.0 = Release|Any CPU
	EndGlobalSection
	GlobalSection(SolutionProperties) = preSolution
		HideSolutionNode = FALSE
	EndGlobalSection
	GlobalSection(ExtensibilityGlobals) = postSolution
		SolutionGuid = {17E480AF-5309-4849-B62D-29AEB524C8AD}
	EndGlobalSection
EndGlobal
